// !$*UTF8*$!
{
	archiveVersion = 1;
	classes = {
	};
	objectVersion = 46;
	objects = {

/* Begin PBXBuildFile section */
		BAFE8C8C1DBD3B9D00E90427 /* main.m in Sources */ = {isa = PBXBuildFile; fileRef = BAFE8C8B1DBD3B9D00E90427 /* main.m */; };
		BAFE8C8F1DBD3B9D00E90427 /* AppDelegate.m in Sources */ = {isa = PBXBuildFile; fileRef = BAFE8C8E1DBD3B9D00E90427 /* AppDelegate.m */; };
		BAFE8C921DBD3B9D00E90427 /* ViewController.m in Sources */ = {isa = PBXBuildFile; fileRef = BAFE8C911DBD3B9D00E90427 /* ViewController.m */; };
		BAFE8C951DBD3B9D00E90427 /* Main.storyboard in Resources */ = {isa = PBXBuildFile; fileRef = BAFE8C931DBD3B9D00E90427 /* Main.storyboard */; };
		BAFE8C971DBD3B9D00E90427 /* Assets.xcassets in Resources */ = {isa = PBXBuildFile; fileRef = BAFE8C961DBD3B9D00E90427 /* Assets.xcassets */; };
		BAFE8C9A1DBD3B9D00E90427 /* LaunchScreen.storyboard in Resources */ = {isa = PBXBuildFile; fileRef = BAFE8C981DBD3B9D00E90427 /* LaunchScreen.storyboard */; };
/* End PBXBuildFile section */

/* Begin PBXFileReference section */
		BAFE8C871DBD3B9D00E90427 /* basicAnimations-1.app */ = {isa = PBXFileReference; explicitFileType = wrapper.application; includeInIndex = 0; path = "basicAnimations-1.app"; sourceTree = BUILT_PRODUCTS_DIR; };
		BAFE8C8B1DBD3B9D00E90427 /* main.m */ = {isa = PBXFileReference; lastKnownFileType = sourcecode.c.objc; path = main.m; sourceTree = "<group>"; };
		BAFE8C8D1DBD3B9D00E90427 /* AppDelegate.h */ = {isa = PBXFileReference; lastKnownFileType = sourcecode.c.h; path = AppDelegate.h; sourceTree = "<group>"; };
		BAFE8C8E1DBD3B9D00E90427 /* AppDelegate.m */ = {isa = PBXFileReference; lastKnownFileType = sourcecode.c.objc; path = AppDelegate.m; sourceTree = "<group>"; };
		BAFE8C901DBD3B9D00E90427 /* ViewController.h */ = {isa = PBXFileReference; lastKnownFileType = sourcecode.c.h; path = ViewController.h; sourceTree = "<group>"; };
		BAFE8C911DBD3B9D00E90427 /* ViewController.m */ = {isa = PBXFileReference; lastKnownFileType = sourcecode.c.objc; path = ViewController.m; sourceTree = "<group>"; };
		BAFE8C941DBD3B9D00E90427 /* Base */ = {isa = PBXFileReference; lastKnownFileType = file.storyboard; name = Base; path = Base.lproj/Main.storyboard; sourceTree = "<group>"; };
		BAFE8C961DBD3B9D00E90427 /* Assets.xcassets */ = {isa = PBXFileReference; lastKnownFileType = folder.assetcatalog; path = Assets.xcassets; sourceTree = "<group>"; };
		BAFE8C991DBD3B9D00E90427 /* Base */ = {isa = PBXFileReference; lastKnownFileType = file.storyboard; name = Base; path = Base.lproj/LaunchScreen.storyboard; sourceTree = "<group>"; };
		BAFE8C9B1DBD3B9D00E90427 /* Info.plist */ = {isa = PBXFileReference; lastKnownFileType = text.plist.xml; path = Info.plist; sourceTree = "<group>"; };
/* End PBXFileReference section */

/* Begin PBXFrameworksBuildPhase section */
		BAFE8C841DBD3B9C00E90427 /* Frameworks */ = {
			isa = PBXFrameworksBuildPhase;
			buildActionMask = 2147483647;
			files = (
			);
			runOnlyForDeploymentPostprocessing = 0;
		};
/* End PBXFrameworksBuildPhase section */

/* Begin PBXGroup section */
		BAFE8C7E1DBD3B9C00E90427 = {
			isa = PBXGroup;
			children = (
				BAFE8C891DBD3B9D00E90427 /* basicAnimations-1 */,
				BAFE8C881DBD3B9D00E90427 /* Products */,
			);
			sourceTree = "<group>";
		};
		BAFE8C881DBD3B9D00E90427 /* Products */ = {
			isa = PBXGroup;
			children = (
				BAFE8C871DBD3B9D00E90427 /* basicAnimations-1.app */,
			);
			name = Products;
			sourceTree = "<group>";
		};
		BAFE8C891DBD3B9D00E90427 /* basicAnimations-1 */ = {
			isa = PBXGroup;
			children = (
				BAFE8C8D1DBD3B9D00E90427 /* AppDelegate.h */,
				BAFE8C8E1DBD3B9D00E90427 /* AppDelegate.m */,
				BAFE8C901DBD3B9D00E90427 /* ViewController.h */,
				BAFE8C911DBD3B9D00E90427 /* ViewController.m */,
				BAFE8C931DBD3B9D00E90427 /* Main.storyboard */,
				BAFE8C961DBD3B9D00E90427 /* Assets.xcassets */,
				BAFE8C981DBD3B9D00E90427 /* LaunchScreen.storyboard */,
				BAFE8C9B1DBD3B9D00E90427 /* Info.plist */,
				BAFE8C8A1DBD3B9D00E90427 /* Supporting Files */,
			);
			path = "basicAnimations-1";
			sourceTree = "<group>";
		};
		BAFE8C8A1DBD3B9D00E90427 /* Supporting Files */ = {
			isa = PBXGroup;
			children = (
				BAFE8C8B1DBD3B9D00E90427 /* main.m */,
			);
			name = "Supporting Files";
			sourceTree = "<group>";
		};
/* End PBXGroup section */

/* Begin PBXNativeTarget section */
		BAFE8C861DBD3B9C00E90427 /* basicAnimations-1 */ = {
			isa = PBXNativeTarget;
			buildConfigurationList = BAFE8C9E1DBD3B9D00E90427 /* Build configuration list for PBXNativeTarget "basicAnimations-1" */;
			buildPhases = (
				BAFE8C831DBD3B9C00E90427 /* Sources */,
				BAFE8C841DBD3B9C00E90427 /* Frameworks */,
				BAFE8C851DBD3B9C00E90427 /* Resources */,
			);
			buildRules = (
			);
			dependencies = (
			);
			name = "basicAnimations-1";
			productName = "basicAnimations-1";
			productReference = BAFE8C871DBD3B9D00E90427 /* basicAnimations-1.app */;
			productType = "com.apple.product-type.application";
		};
/* End PBXNativeTarget section */

/* Begin PBXProject section */
		BAFE8C7F1DBD3B9C00E90427 /* Project object */ = {
			isa = PBXProject;
			attributes = {
				LastUpgradeCheck = 0800;
				ORGANIZATIONNAME = "Sahil Dhawan";
				TargetAttributes = {
					BAFE8C861DBD3B9C00E90427 = {
						CreatedOnToolsVersion = 8.0;
						ProvisioningStyle = Automatic;
					};
				};
			};
			buildConfigurationList = BAFE8C821DBD3B9C00E90427 /* Build configuration list for PBXProject "basicAnimations-1" */;
			compatibilityVersion = "Xcode 3.2";
			developmentRegion = English;
			hasScannedForEncodings = 0;
			knownRegions = (
				en,
				Base,
			);
			mainGroup = BAFE8C7E1DBD3B9C00E90427;
			productRefGroup = BAFE8C881DBD3B9D00E90427 /* Products */;
			projectDirPath = "";
			projectRoot = "";
			targets = (
				BAFE8C861DBD3B9C00E90427 /* basicAnimations-1 */,
			);
		};
/* End PBXProject section */

/* Begin PBXResourcesBuildPhase section */
		BAFE8C851DBD3B9C00E90427 /* Resources */ = {
			isa = PBXResourcesBuildPhase;
			buildActionMask = 2147483647;
			files = (
				BAFE8C9A1DBD3B9D00E90427 /* LaunchScreen.storyboard in Resources */,
				BAFE8C971DBD3B9D00E90427 /* Assets.xcassets in Resources */,
				BAFE8C951DBD3B9D00E90427 /* Main.storyboard in Resources */,
			);
			runOnlyForDeploymentPostprocessing = 0;
		};
/* End PBXResourcesBuildPhase section */

/* Begin PBXSourcesBuildPhase section */
		BAFE8C831DBD3B9C00E90427 /* Sources */ = {
			isa = PBXSourcesBuildPhase;
			buildActionMask = 2147483647;
			files = (
				BAFE8C921DBD3B9D00E90427 /* ViewController.m in Sources */,
				BAFE8C8F1DBD3B9D00E90427 /* AppDelegate.m in Sources */,
				BAFE8C8C1DBD3B9D00E90427 /* main.m in Sources */,
			);
			runOnlyForDeploymentPostprocessing = 0;
		};
/* End PBXSourcesBuildPhase section */

/* Begin PBXVariantGroup section */
		BAFE8C931DBD3B9D00E90427 /* Main.storyboard */ = {
			isa = PBXVariantGroup;
			children = (
				BAFE8C941DBD3B9D00E90427 /* Base */,
			);
			name = Main.storyboard;
			sourceTree = "<group>";
		};
		BAFE8C981DBD3B9D00E90427 /* LaunchScreen.storyboard */ = {
			isa = PBXVariantGroup;
			children = (
				BAFE8C991DBD3B9D00E90427 /* Base */,
			);
			name = LaunchScreen.storyboard;
			sourceTree = "<group>";
		};
/* End PBXVariantGroup section */

/* Begin XCBuildConfiguration section */
		BAFE8C9C1DBD3B9D00E90427 /* Debug */ = {
			isa = XCBuildConfiguration;
			buildSettings = {
				ALWAYS_SEARCH_USER_PATHS = NO;
				CLANG_ANALYZER_NONNULL = YES;
				CLANG_CXX_LANGUAGE_STANDARD = "gnu++0x";
				CLANG_CXX_LIBRARY = "libc++";
				CLANG_ENABLE_MODULES = YES;
				CLANG_ENABLE_OBJC_ARC = YES;
				CLANG_WARN_BOOL_CONVERSION = YES;
				CLANG_WARN_CONSTANT_CONVERSION = YES;
				CLANG_WARN_DIRECT_OBJC_ISA_USAGE = YES_ERROR;
				CLANG_WARN_DOCUMENTATION_COMMENTS = YES;
				CLANG_WARN_EMPTY_BODY = YES;
				CLANG_WARN_ENUM_CONVERSION = YES;
				CLANG_WARN_INFINITE_RECURSION = YES;
				CLANG_WARN_INT_CONVERSION = YES;
				CLANG_WARN_OBJC_ROOT_CLASS = YES_ERROR;
				CLANG_WARN_SUSPICIOUS_MOVES = YES;
				CLANG_WARN_UNREACHABLE_CODE = YES;
				CLANG_WARN__DUPLICATE_METHOD_MATCH = YES;
				"CODE_SIGN_IDENTITY[sdk=iphoneos*]" = "iPhone Developer";
				COPY_PHASE_STRIP = NO;
				DEBUG_INFORMATION_FORMAT = dwarf;
				ENABLE_STRICT_OBJC_MSGSEND = YES;
				ENABLE_TESTABILITY = YES;
				GCC_C_LANGUAGE_STANDARD = gnu99;
				GCC_DYNAMIC_NO_PIC = NO;
				GCC_NO_COMMON_BLOCKS = YES;
				GCC_OPTIMIZATION_LEVEL = 0;
				GCC_PREPROCESSOR_DEFINITIONS = (
					"DEBUG=1",
					"$(inherited)",
				);
				GCC_WARN_64_TO_32_BIT_CONVERSION = YES;
				GCC_WARN_ABOUT_RETURN_TYPE = YES_ERROR;
				GCC_WARN_UNDECLARED_SELECTOR = YES;
				GCC_WARN_UNINITIALIZED_AUTOS = YES_AGGRESSIVE;
				GCC_WARN_UNUSED_FUNCTION = YES;
				GCC_WARN_UNUSED_VARIABLE = YES;
				IPHONEOS_DEPLOYMENT_TARGET = 10.0;
				MTL_ENABLE_DEBUG_INFO = YES;
				ONLY_ACTIVE_ARCH = YES;
				SDKROOT = iphoneos;
				TARGETED_DEVICE_FAMILY = "1,2";
			};
			name = Debug;
		};
		BAFE8C9D1DBD3B9D00E90427 /* Release */ = {
			isa = XCBuildConfiguration;
			buildSettings = {
				ALWAYS_SEARCH_USER_PATHS = NO;
				CLANG_ANALYZER_NONNULL = YES;
				CLANG_CXX_LANGUAGE_STANDARD = "gnu++0x";
				CLANG_CXX_LIBRARY = "libc++";
				CLANG_ENABLE_MODULES = YES;
				CLANG_ENABLE_OBJC_ARC = YES;
				CLANG_WARN_BOOL_CONVERSION = YES;
				CLANG_WARN_CONSTANT_CONVERSION = YES;
				CLANG_WARN_DIRECT_OBJC_ISA_USAGE = YES_ERROR;
				CLANG_WARN_DOCUMENTATION_COMMENTS = YES;
				CLANG_WARN_EMPTY_BODY = YES;
				CLANG_WARN_ENUM_CONVERSION = YES;
				CLANG_WARN_INFINITE_RECURSION = YES;
				CLANG_WARN_INT_CONVERSION = YES;
				CLANG_WARN_OBJC_ROOT_CLASS = YES_ERROR;
				CLANG_WARN_SUSPICIOUS_MOVES = YES;
				CLANG_WARN_UNREACHABLE_CODE = YES;
				CLANG_WARN__DUPLICATE_METHOD_MATCH = YES;
				"CODE_SIGN_IDENTITY[sdk=iphoneos*]" = "iPhone Developer";
				COPY_PHASE_STRIP = NO;
				DEBUG_INFORMATION_FORMAT = "dwarf-with-dsym";
				ENABLE_NS_ASSERTIONS = NO;
				ENABLE_STRICT_OBJC_MSGSEND = YES;
				GCC_C_LANGUAGE_STANDARD = gnu99;
				GCC_NO_COMMON_BLOCKS = YES;
				GCC_WARN_64_TO_32_BIT_CONVERSION = YES;
				GCC_WARN_ABOUT_RETURN_TYPE = YES_ERROR;
				GCC_WARN_UNDECLARED_SELECTOR = YES;
				GCC_WARN_UNINITIALIZED_AUTOS = YES_AGGRESSIVE;
				GCC_WARN_UNUSED_FUNCTION = YES;
				GCC_WARN_UNUSED_VARIABLE = YES;
				IPHONEOS_DEPLOYMENT_TARGET = 10.0;
				MTL_ENABLE_DEBUG_INFO = NO;
				SDKROOT = iphoneos;
				TARGETED_DEVICE_FAMILY = "1,2";
				VALIDATE_PRODUCT = YES;
			};
			name = Release;
		};
		BAFE8C9F1DBD3B9D00E90427 /* Debug */ = {
			isa = XCBuildConfiguration;
			buildSettings = {
				ASSETCATALOG_COMPILER_APPICON_NAME = AppIcon;
				INFOPLIST_FILE = "basicAnimations-1/Info.plist";
				LD_RUNPATH_SEARCH_PATHS = "$(inherited) @executable_path/Frameworks";
				PRODUCT_BUNDLE_IDENTIFIER = "dhawan-sahil.basicAnimations-1";
				PRODUCT_NAME = "$(TARGET_NAME)";
			};
			name = Debug;
		};
		BAFE8CA01DBD3B9D00E90427 /* Release */ = {
			isa = XCBuildConfiguration;
			buildSettings = {
				ASSETCATALOG_COMPILER_APPICON_NAME = AppIcon;
				INFOPLIST_FILE = "basicAnimations-1/Info.plist";
				LD_RUNPATH_SEARCH_PATHS = "$(inherited) @executable_path/Frameworks";
				PRODUCT_BUNDLE_IDENTIFIER = "dhawan-sahil.basicAnimations-1";
				PRODUCT_NAME = "$(TARGET_NAME)";
			};
			name = Release;
		};
/* End XCBuildConfiguration section */

/* Begin XCConfigurationList section */
		BAFE8C821DBD3B9C00E90427 /* Build configuration list for PBXProject "basicAnimations-1" */ = {
			isa = XCConfigurationList;
			buildConfigurations = (
				BAFE8C9C1DBD3B9D00E90427 /* Debug */,
				BAFE8C9D1DBD3B9D00E90427 /* Release */,
			);
			defaultConfigurationIsVisible = 0;
			defaultConfigurationName = Release;
		};
		BAFE8C9E1DBD3B9D00E90427 /* Build configuration list for PBXNativeTarget "basicAnimations-1" */ = {
			isa = XCConfigurationList;
			buildConfigurations = (
				BAFE8C9F1DBD3B9D00E90427 /* Debug */,
				BAFE8CA01DBD3B9D00E90427 /* Release */,
			);
			defaultConfigurationIsVisible = 0;
		};
/* End XCConfigurationList section */
	};
	rootObject = BAFE8C7F1DBD3B9C00E90427 /* Project object */;
}
